
Microsoft Visual Studio Solution File, Format Version 12.00
# Visual Studio Version 17
VisualStudioVersion = 17.0.31903.59
MinimumVisualStudioVersion = 10.0.40219.1
Project("{2150E333-8FDC-42A3-9474-1A3956D46DE8}") = "FrontEnd", "FrontEnd", "{F5C32DEF-4BC4-4171-96A3-A2BCEA51DCA8}"
EndProject
Project("{2150E333-8FDC-42A3-9474-1A3956D46DE8}") = "Services", "Services", "{717154AE-723F-4826-92F6-6BDA14F959A6}"
EndProject
Project("{FAE04EC0-301F-11D3-BF4B-00C04F79EFBC}") = "GeekShopping.Web", "GeekShopping.Web\GeekShopping.Web.csproj", "{DA5B10A0-95D5-412B-A917-F96266CD190A}"
EndProject
Project("{FAE04EC0-301F-11D3-BF4B-00C04F79EFBC}") = "GeekShopping.ProductAPI", "GeekShopping.ProductAPI\GeekShopping.ProductAPI.csproj", "{AFDDF7EE-6F5E-4EA3-9AD6-64E8587CB0B6}"
EndProject
Project("{FAE04EC0-301F-11D3-BF4B-00C04F79EFBC}") = "GeekShopping.IdentityServer", "GeekShopping.IdentityServer\GeekShopping.IdentityServer.csproj", "{FA862410-AAE5-44D7-A6C1-C31547029FE5}"
EndProject
Global
	GlobalSection(SolutionConfigurationPlatforms) = preSolution
		Debug|Any CPU = Debug|Any CPU
		Debug|x64 = Debug|x64
		Debug|x86 = Debug|x86
		Release|Any CPU = Release|Any CPU
		Release|x64 = Release|x64
		Release|x86 = Release|x86
	EndGlobalSection
	GlobalSection(ProjectConfigurationPlatforms) = postSolution
		{DA5B10A0-95D5-412B-A917-F96266CD190A}.Debug|Any CPU.ActiveCfg = Debug|Any CPU
		{DA5B10A0-95D5-412B-A917-F96266CD190A}.Debug|Any CPU.Build.0 = Debug|Any CPU
		{DA5B10A0-95D5-412B-A917-F96266CD190A}.Debug|x64.ActiveCfg = Debug|Any CPU
		{DA5B10A0-95D5-412B-A917-F96266CD190A}.Debug|x64.Build.0 = Debug|Any CPU
		{DA5B10A0-95D5-412B-A917-F96266CD190A}.Debug|x86.ActiveCfg = Debug|Any CPU
		{DA5B10A0-95D5-412B-A917-F96266CD190A}.Debug|x86.Build.0 = Debug|Any CPU
		{DA5B10A0-95D5-412B-A917-F96266CD190A}.Release|Any CPU.ActiveCfg = Release|Any CPU
		{DA5B10A0-95D5-412B-A917-F96266CD190A}.Release|Any CPU.Build.0 = Release|Any CPU
		{DA5B10A0-95D5-412B-A917-F96266CD190A}.Release|x64.ActiveCfg = Release|Any CPU
		{DA5B10A0-95D5-412B-A917-F96266CD190A}.Release|x64.Build.0 = Release|Any CPU
		{DA5B10A0-95D5-412B-A917-F96266CD190A}.Release|x86.ActiveCfg = Release|Any CPU
		{DA5B10A0-95D5-412B-A917-F96266CD190A}.Release|x86.Build.0 = Release|Any CPU
		{AFDDF7EE-6F5E-4EA3-9AD6-64E8587CB0B6}.Debug|Any CPU.ActiveCfg = Debug|Any CPU
		{AFDDF7EE-6F5E-4EA3-9AD6-64E8587CB0B6}.Debug|Any CPU.Build.0 = Debug|Any CPU
		{AFDDF7EE-6F5E-4EA3-9AD6-64E8587CB0B6}.Debug|x64.ActiveCfg = Debug|Any CPU
		{AFDDF7EE-6F5E-4EA3-9AD6-64E8587CB0B6}.Debug|x64.Build.0 = Debug|Any CPU
		{AFDDF7EE-6F5E-4EA3-9AD6-64E8587CB0B6}.Debug|x86.ActiveCfg = Debug|Any CPU
		{AFDDF7EE-6F5E-4EA3-9AD6-64E8587CB0B6}.Debug|x86.Build.0 = Debug|Any CPU
		{AFDDF7EE-6F5E-4EA3-9AD6-64E8587CB0B6}.Release|Any CPU.ActiveCfg = Release|Any CPU
		{AFDDF7EE-6F5E-4EA3-9AD6-64E8587CB0B6}.Release|Any CPU.Build.0 = Release|Any CPU
		{AFDDF7EE-6F5E-4EA3-9AD6-64E8587CB0B6}.Release|x64.ActiveCfg = Release|Any CPU
		{AFDDF7EE-6F5E-4EA3-9AD6-64E8587CB0B6}.Release|x64.Build.0 = Release|Any CPU
		{AFDDF7EE-6F5E-4EA3-9AD6-64E8587CB0B6}.Release|x86.ActiveCfg = Release|Any CPU
		{AFDDF7EE-6F5E-4EA3-9AD6-64E8587CB0B6}.Release|x86.Build.0 = Release|Any CPU
		{FA862410-AAE5-44D7-A6C1-C31547029FE5}.Debug|Any CPU.ActiveCfg = Debug|Any CPU
		{FA862410-AAE5-44D7-A6C1-C31547029FE5}.Debug|Any CPU.Build.0 = Debug|Any CPU
		{FA862410-AAE5-44D7-A6C1-C31547029FE5}.Debug|x64.ActiveCfg = Debug|Any CPU
		{FA862410-AAE5-44D7-A6C1-C31547029FE5}.Debug|x64.Build.0 = Debug|Any CPU
		{FA862410-AAE5-44D7-A6C1-C31547029FE5}.Debug|x86.ActiveCfg = Debug|Any CPU
		{FA862410-AAE5-44D7-A6C1-C31547029FE5}.Debug|x86.Build.0 = Debug|Any CPU
		{FA862410-AAE5-44D7-A6C1-C31547029FE5}.Release|Any CPU.ActiveCfg = Release|Any CPU
		{FA862410-AAE5-44D7-A6C1-C31547029FE5}.Release|Any CPU.Build.0 = Release|Any CPU
		{FA862410-AAE5-44D7-A6C1-C31547029FE5}.Release|x64.ActiveCfg = Release|Any CPU
		{FA862410-AAE5-44D7-A6C1-C31547029FE5}.Release|x64.Build.0 = Release|Any CPU
		{FA862410-AAE5-44D7-A6C1-C31547029FE5}.Release|x86.ActiveCfg = Release|Any CPU
		{FA862410-AAE5-44D7-A6C1-C31547029FE5}.Release|x86.Build.0 = Release|Any CPU
	EndGlobalSection
	GlobalSection(SolutionProperties) = preSolution
		HideSolutionNode = FALSE
	EndGlobalSection
	GlobalSection(NestedProjects) = preSolution
		{FA862410-AAE5-44D7-A6C1-C31547029FE5} = {717154AE-723F-4826-92F6-6BDA14F959A6}
		{DA5B10A0-95D5-412B-A917-F96266CD190A} = {F5C32DEF-4BC4-4171-96A3-A2BCEA51DCA8}
		{AFDDF7EE-6F5E-4EA3-9AD6-64E8587CB0B6} = {717154AE-723F-4826-92F6-6BDA14F959A6}
	EndGlobalSection
EndGlobal
